
Microsoft Visual Studio Solution File, Format Version 12.00
# Visual Studio Version 16
VisualStudioVersion = 16.0.30225.117
MinimumVisualStudioVersion = 10.0.40219.1
Project("{FAE04EC0-301F-11D3-BF4B-00C04F79EFBC}") = "Lab 5.1 RPG", "Lab 5.1 RPG.csproj", "{7965C7CE-20BE-4377-AE91-95CC5FDBD239}"
EndProject
Global
	GlobalSection(SolutionConfigurationPlatforms) = preSolution
		Debug|Any CPU = Debug|Any CPU
		Release|Any CPU = Release|Any CPU
	EndGlobalSection
	GlobalSection(ProjectConfigurationPlatforms) = postSolution
		{7965C7CE-20BE-4377-AE91-95CC5FDBD239}.Debug|Any CPU.ActiveCfg = Debug|Any CPU
		{7965C7CE-20BE-4377-AE91-95CC5FDBD239}.Debug|Any CPU.Build.0 = Debug|Any CPU
		{7965C7CE-20BE-4377-AE91-95CC5FDBD239}.Release|Any CPU.ActiveCfg = Release|Any CPU
		{7965C7CE-20BE-4377-AE91-95CC5FDBD239}.Release|Any CPU.Build.0 = Release|Any CPU
	EndGlobalSection
	GlobalSection(SolutionProperties) = preSolution
		HideSolutionNode = FALSE
	EndGlobalSection
	GlobalSection(ExtensibilityGlobals) = postSolution
		SolutionGuid = {E4342B99-E8B2-458E-A4B4-D9A04176087F}
	EndGlobalSection
EndGlobal
